// !$*UTF8*$!
{
	archiveVersion = 1;
	classes = {
	};
	objectVersion = 46;
	objects = {

/* Begin PBXBuildFile section */
		9B032B431FE5FC7E0039D65C /* EventController.swift in Sources */ = {isa = PBXBuildFile; fileRef = 9B032B421FE5FC7E0039D65C /* EventController.swift */; settings = {ASSET_TAGS = (); }; };
		9B032B451FE5FCCA0039D65C /* WishlistController.swift in Sources */ = {isa = PBXBuildFile; fileRef = 9B032B441FE5FCCA0039D65C /* WishlistController.swift */; settings = {ASSET_TAGS = (); }; };
		9B032B471FE5FD030039D65C /* MessageController.swift in Sources */ = {isa = PBXBuildFile; fileRef = 9B032B461FE5FD030039D65C /* MessageController.swift */; settings = {ASSET_TAGS = (); }; };
		9B032B491FE5FD490039D65C /* EditController.swift in Sources */ = {isa = PBXBuildFile; fileRef = 9B032B481FE5FD490039D65C /* EditController.swift */; settings = {ASSET_TAGS = (); }; };
		9B032B4B1FE5FD6F0039D65C /* InviteController.swift in Sources */ = {isa = PBXBuildFile; fileRef = 9B032B4A1FE5FD6F0039D65C /* InviteController.swift */; settings = {ASSET_TAGS = (); }; };
		9B6943A71FDC6B3C00DC8A6C /* AppDelegate.swift in Sources */ = {isa = PBXBuildFile; fileRef = 9B6943A61FDC6B3C00DC8A6C /* AppDelegate.swift */; };
		9B6943A91FDC6B3C00DC8A6C /* MainController.swift in Sources */ = {isa = PBXBuildFile; fileRef = 9B6943A81FDC6B3C00DC8A6C /* MainController.swift */; };
		9B6943AC1FDC6B3C00DC8A6C /* Main.storyboard in Resources */ = {isa = PBXBuildFile; fileRef = 9B6943AA1FDC6B3C00DC8A6C /* Main.storyboard */; };
		9B6943AF1FDC6B3C00DC8A6C /* IOS_Cadox_e.xcdatamodeld in Sources */ = {isa = PBXBuildFile; fileRef = 9B6943AD1FDC6B3C00DC8A6C /* IOS_Cadox_e.xcdatamodeld */; };
		9B6943B11FDC6B3C00DC8A6C /* Assets.xcassets in Resources */ = {isa = PBXBuildFile; fileRef = 9B6943B01FDC6B3C00DC8A6C /* Assets.xcassets */; };
		9B6943B41FDC6B3C00DC8A6C /* LaunchScreen.storyboard in Resources */ = {isa = PBXBuildFile; fileRef = 9B6943B21FDC6B3C00DC8A6C /* LaunchScreen.storyboard */; };
		9B6943BF1FDC6B3C00DC8A6C /* IOS_Cadox_eTests.swift in Sources */ = {isa = PBXBuildFile; fileRef = 9B6943BE1FDC6B3C00DC8A6C /* IOS_Cadox_eTests.swift */; };
		9B6943CA1FDC6B3C00DC8A6C /* IOS_Cadox_eUITests.swift in Sources */ = {isa = PBXBuildFile; fileRef = 9B6943C91FDC6B3C00DC8A6C /* IOS_Cadox_eUITests.swift */; };
		9BDF28011FE5ECC000BE4AF4 /* CreateController.swift in Sources */ = {isa = PBXBuildFile; fileRef = 9BDF28001FE5ECC000BE4AF4 /* CreateController.swift */; settings = {ASSET_TAGS = (); }; };
		9BDF28031FE5F5B800BE4AF4 /* JoinController.swift in Sources */ = {isa = PBXBuildFile; fileRef = 9BDF28021FE5F5B800BE4AF4 /* JoinController.swift */; settings = {ASSET_TAGS = (); }; };
/* End PBXBuildFile section */

/* Begin PBXContainerItemProxy section */
		9B6943BB1FDC6B3C00DC8A6C /* PBXContainerItemProxy */ = {
			isa = PBXContainerItemProxy;
			containerPortal = 9B69439B1FDC6B3C00DC8A6C /* Project object */;
			proxyType = 1;
			remoteGlobalIDString = 9B6943A21FDC6B3C00DC8A6C;
			remoteInfo = "IOS_Cadox-e";
		};
		9B6943C61FDC6B3C00DC8A6C /* PBXContainerItemProxy */ = {
			isa = PBXContainerItemProxy;
			containerPortal = 9B69439B1FDC6B3C00DC8A6C /* Project object */;
			proxyType = 1;
			remoteGlobalIDString = 9B6943A21FDC6B3C00DC8A6C;
			remoteInfo = "IOS_Cadox-e";
		};
/* End PBXContainerItemProxy section */

/* Begin PBXFileReference section */
		9B032B421FE5FC7E0039D65C /* EventController.swift */ = {isa = PBXFileReference; fileEncoding = 4; lastKnownFileType = sourcecode.swift; path = EventController.swift; sourceTree = "<group>"; };
		9B032B441FE5FCCA0039D65C /* WishlistController.swift */ = {isa = PBXFileReference; fileEncoding = 4; lastKnownFileType = sourcecode.swift; path = WishlistController.swift; sourceTree = "<group>"; };
		9B032B461FE5FD030039D65C /* MessageController.swift */ = {isa = PBXFileReference; fileEncoding = 4; lastKnownFileType = sourcecode.swift; path = MessageController.swift; sourceTree = "<group>"; };
		9B032B481FE5FD490039D65C /* EditController.swift */ = {isa = PBXFileReference; fileEncoding = 4; lastKnownFileType = sourcecode.swift; path = EditController.swift; sourceTree = "<group>"; };
		9B032B4A1FE5FD6F0039D65C /* InviteController.swift */ = {isa = PBXFileReference; fileEncoding = 4; lastKnownFileType = sourcecode.swift; path = InviteController.swift; sourceTree = "<group>"; };
		9B6943A31FDC6B3C00DC8A6C /* IOS_Cadox-e.app */ = {isa = PBXFileReference; explicitFileType = wrapper.application; includeInIndex = 0; path = "IOS_Cadox-e.app"; sourceTree = BUILT_PRODUCTS_DIR; };
		9B6943A61FDC6B3C00DC8A6C /* AppDelegate.swift */ = {isa = PBXFileReference; lastKnownFileType = sourcecode.swift; path = AppDelegate.swift; sourceTree = "<group>"; };
		9B6943A81FDC6B3C00DC8A6C /* MainController.swift */ = {isa = PBXFileReference; lastKnownFileType = sourcecode.swift; path = MainController.swift; sourceTree = "<group>"; };
		9B6943AB1FDC6B3C00DC8A6C /* Base */ = {isa = PBXFileReference; lastKnownFileType = file.storyboard; name = Base; path = Base.lproj/Main.storyboard; sourceTree = "<group>"; };
		9B6943AE1FDC6B3C00DC8A6C /* IOS_Cadox_e.xcdatamodel */ = {isa = PBXFileReference; lastKnownFileType = wrapper.xcdatamodel; path = IOS_Cadox_e.xcdatamodel; sourceTree = "<group>"; };
		9B6943B01FDC6B3C00DC8A6C /* Assets.xcassets */ = {isa = PBXFileReference; lastKnownFileType = folder.assetcatalog; path = Assets.xcassets; sourceTree = "<group>"; };
		9B6943B31FDC6B3C00DC8A6C /* Base */ = {isa = PBXFileReference; lastKnownFileType = file.storyboard; name = Base; path = Base.lproj/LaunchScreen.storyboard; sourceTree = "<group>"; };
		9B6943B51FDC6B3C00DC8A6C /* Info.plist */ = {isa = PBXFileReference; lastKnownFileType = text.plist.xml; path = Info.plist; sourceTree = "<group>"; };
		9B6943BA1FDC6B3C00DC8A6C /* IOS_Cadox-eTests.xctest */ = {isa = PBXFileReference; explicitFileType = wrapper.cfbundle; includeInIndex = 0; path = "IOS_Cadox-eTests.xctest"; sourceTree = BUILT_PRODUCTS_DIR; };
		9B6943BE1FDC6B3C00DC8A6C /* IOS_Cadox_eTests.swift */ = {isa = PBXFileReference; lastKnownFileType = sourcecode.swift; path = IOS_Cadox_eTests.swift; sourceTree = "<group>"; };
		9B6943C01FDC6B3C00DC8A6C /* Info.plist */ = {isa = PBXFileReference; lastKnownFileType = text.plist.xml; path = Info.plist; sourceTree = "<group>"; };
		9B6943C51FDC6B3C00DC8A6C /* IOS_Cadox-eUITests.xctest */ = {isa = PBXFileReference; explicitFileType = wrapper.cfbundle; includeInIndex = 0; path = "IOS_Cadox-eUITests.xctest"; sourceTree = BUILT_PRODUCTS_DIR; };
		9B6943C91FDC6B3C00DC8A6C /* IOS_Cadox_eUITests.swift */ = {isa = PBXFileReference; lastKnownFileType = sourcecode.swift; path = IOS_Cadox_eUITests.swift; sourceTree = "<group>"; };
		9B6943CB1FDC6B3C00DC8A6C /* Info.plist */ = {isa = PBXFileReference; lastKnownFileType = text.plist.xml; path = Info.plist; sourceTree = "<group>"; };
		9BDF28001FE5ECC000BE4AF4 /* CreateController.swift */ = {isa = PBXFileReference; fileEncoding = 4; lastKnownFileType = sourcecode.swift; path = CreateController.swift; sourceTree = "<group>"; };
		9BDF28021FE5F5B800BE4AF4 /* JoinController.swift */ = {isa = PBXFileReference; fileEncoding = 4; lastKnownFileType = sourcecode.swift; path = JoinController.swift; sourceTree = "<group>"; };
/* End PBXFileReference section */

/* Begin PBXFrameworksBuildPhase section */
		9B6943A01FDC6B3C00DC8A6C /* Frameworks */ = {
			isa = PBXFrameworksBuildPhase;
			buildActionMask = 2147483647;
			files = (
			);
			runOnlyForDeploymentPostprocessing = 0;
		};
		9B6943B71FDC6B3C00DC8A6C /* Frameworks */ = {
			isa = PBXFrameworksBuildPhase;
			buildActionMask = 2147483647;
			files = (
			);
			runOnlyForDeploymentPostprocessing = 0;
		};
		9B6943C21FDC6B3C00DC8A6C /* Frameworks */ = {
			isa = PBXFrameworksBuildPhase;
			buildActionMask = 2147483647;
			files = (
			);
			runOnlyForDeploymentPostprocessing = 0;
		};
/* End PBXFrameworksBuildPhase section */

/* Begin PBXGroup section */
		9B69439A1FDC6B3C00DC8A6C = {
			isa = PBXGroup;
			children = (
				9B6943A51FDC6B3C00DC8A6C /* IOS_Cadox-e */,
				9B6943BD1FDC6B3C00DC8A6C /* IOS_Cadox-eTests */,
				9B6943C81FDC6B3C00DC8A6C /* IOS_Cadox-eUITests */,
				9B6943A41FDC6B3C00DC8A6C /* Products */,
			);
			sourceTree = "<group>";
		};
		9B6943A41FDC6B3C00DC8A6C /* Products */ = {
			isa = PBXGroup;
			children = (
				9B6943A31FDC6B3C00DC8A6C /* IOS_Cadox-e.app */,
				9B6943BA1FDC6B3C00DC8A6C /* IOS_Cadox-eTests.xctest */,
				9B6943C51FDC6B3C00DC8A6C /* IOS_Cadox-eUITests.xctest */,
			);
			name = Products;
			sourceTree = "<group>";
		};
		9B6943A51FDC6B3C00DC8A6C /* IOS_Cadox-e */ = {
			isa = PBXGroup;
			children = (
				9B6943A61FDC6B3C00DC8A6C /* AppDelegate.swift */,
				9B6943A81FDC6B3C00DC8A6C /* MainController.swift */,
				9BDF28001FE5ECC000BE4AF4 /* CreateController.swift */,
				9BDF28021FE5F5B800BE4AF4 /* JoinController.swift */,
				9B032B421FE5FC7E0039D65C /* EventController.swift */,
				9B032B441FE5FCCA0039D65C /* WishlistController.swift */,
				9B032B461FE5FD030039D65C /* MessageController.swift */,
				9B032B481FE5FD490039D65C /* EditController.swift */,
				9B032B4A1FE5FD6F0039D65C /* InviteController.swift */,
				9B6943AA1FDC6B3C00DC8A6C /* Main.storyboard */,
				9B6943B01FDC6B3C00DC8A6C /* Assets.xcassets */,
				9B6943B21FDC6B3C00DC8A6C /* LaunchScreen.storyboard */,
				9B6943B51FDC6B3C00DC8A6C /* Info.plist */,
				9B6943AD1FDC6B3C00DC8A6C /* IOS_Cadox_e.xcdatamodeld */,
			);
			path = "IOS_Cadox-e";
			sourceTree = "<group>";
		};
		9B6943BD1FDC6B3C00DC8A6C /* IOS_Cadox-eTests */ = {
			isa = PBXGroup;
			children = (
				9B6943BE1FDC6B3C00DC8A6C /* IOS_Cadox_eTests.swift */,
				9B6943C01FDC6B3C00DC8A6C /* Info.plist */,
			);
			path = "IOS_Cadox-eTests";
			sourceTree = "<group>";
		};
		9B6943C81FDC6B3C00DC8A6C /* IOS_Cadox-eUITests */ = {
			isa = PBXGroup;
			children = (
				9B6943C91FDC6B3C00DC8A6C /* IOS_Cadox_eUITests.swift */,
				9B6943CB1FDC6B3C00DC8A6C /* Info.plist */,
			);
			path = "IOS_Cadox-eUITests";
			sourceTree = "<group>";
		};
/* End PBXGroup section */

/* Begin PBXNativeTarget section */
		9B6943A21FDC6B3C00DC8A6C /* IOS_Cadox-e */ = {
			isa = PBXNativeTarget;
			buildConfigurationList = 9B6943CE1FDC6B3C00DC8A6C /* Build configuration list for PBXNativeTarget "IOS_Cadox-e" */;
			buildPhases = (
				9B69439F1FDC6B3C00DC8A6C /* Sources */,
				9B6943A01FDC6B3C00DC8A6C /* Frameworks */,
				9B6943A11FDC6B3C00DC8A6C /* Resources */,
			);
			buildRules = (
			);
			dependencies = (
			);
			name = "IOS_Cadox-e";
			productName = "IOS_Cadox-e";
			productReference = 9B6943A31FDC6B3C00DC8A6C /* IOS_Cadox-e.app */;
			productType = "com.apple.product-type.application";
		};
		9B6943B91FDC6B3C00DC8A6C /* IOS_Cadox-eTests */ = {
			isa = PBXNativeTarget;
			buildConfigurationList = 9B6943D11FDC6B3C00DC8A6C /* Build configuration list for PBXNativeTarget "IOS_Cadox-eTests" */;
			buildPhases = (
				9B6943B61FDC6B3C00DC8A6C /* Sources */,
				9B6943B71FDC6B3C00DC8A6C /* Frameworks */,
				9B6943B81FDC6B3C00DC8A6C /* Resources */,
			);
			buildRules = (
			);
			dependencies = (
				9B6943BC1FDC6B3C00DC8A6C /* PBXTargetDependency */,
			);
			name = "IOS_Cadox-eTests";
			productName = "IOS_Cadox-eTests";
			productReference = 9B6943BA1FDC6B3C00DC8A6C /* IOS_Cadox-eTests.xctest */;
			productType = "com.apple.product-type.bundle.unit-test";
		};
		9B6943C41FDC6B3C00DC8A6C /* IOS_Cadox-eUITests */ = {
			isa = PBXNativeTarget;
			buildConfigurationList = 9B6943D41FDC6B3C00DC8A6C /* Build configuration list for PBXNativeTarget "IOS_Cadox-eUITests" */;
			buildPhases = (
				9B6943C11FDC6B3C00DC8A6C /* Sources */,
				9B6943C21FDC6B3C00DC8A6C /* Frameworks */,
				9B6943C31FDC6B3C00DC8A6C /* Resources */,
			);
			buildRules = (
			);
			dependencies = (
				9B6943C71FDC6B3C00DC8A6C /* PBXTargetDependency */,
			);
			name = "IOS_Cadox-eUITests";
			productName = "IOS_Cadox-eUITests";
			productReference = 9B6943C51FDC6B3C00DC8A6C /* IOS_Cadox-eUITests.xctest */;
			productType = "com.apple.product-type.bundle.ui-testing";
		};
/* End PBXNativeTarget section */

/* Begin PBXProject section */
		9B69439B1FDC6B3C00DC8A6C /* Project object */ = {
			isa = PBXProject;
			attributes = {
				LastUpgradeCheck = 0700;
				ORGANIZATIONNAME = "David Iannuzzi";
				TargetAttributes = {
					9B6943A21FDC6B3C00DC8A6C = {
						CreatedOnToolsVersion = 7.0;
						LastSwiftMigration = 0820;
					};
					9B6943B91FDC6B3C00DC8A6C = {
						CreatedOnToolsVersion = 7.0;
						LastSwiftMigration = 0820;
						TestTargetID = 9B6943A21FDC6B3C00DC8A6C;
					};
					9B6943C41FDC6B3C00DC8A6C = {
						CreatedOnToolsVersion = 7.0;
						LastSwiftMigration = 0820;
						TestTargetID = 9B6943A21FDC6B3C00DC8A6C;
					};
				};
			};
			buildConfigurationList = 9B69439E1FDC6B3C00DC8A6C /* Build configuration list for PBXProject "IOS_Cadox-e" */;
			compatibilityVersion = "Xcode 3.2";
			developmentRegion = English;
			hasScannedForEncodings = 0;
			knownRegions = (
				en,
				Base,
			);
			mainGroup = 9B69439A1FDC6B3C00DC8A6C;
			productRefGroup = 9B6943A41FDC6B3C00DC8A6C /* Products */;
			projectDirPath = "";
			projectRoot = "";
			targets = (
				9B6943A21FDC6B3C00DC8A6C /* IOS_Cadox-e */,
				9B6943B91FDC6B3C00DC8A6C /* IOS_Cadox-eTests */,
				9B6943C41FDC6B3C00DC8A6C /* IOS_Cadox-eUITests */,
			);
		};
/* End PBXProject section */

/* Begin PBXResourcesBuildPhase section */
		9B6943A11FDC6B3C00DC8A6C /* Resources */ = {
			isa = PBXResourcesBuildPhase;
			buildActionMask = 2147483647;
			files = (
				9B6943B41FDC6B3C00DC8A6C /* LaunchScreen.storyboard in Resources */,
				9B6943B11FDC6B3C00DC8A6C /* Assets.xcassets in Resources */,
				9B6943AC1FDC6B3C00DC8A6C /* Main.storyboard in Resources */,
			);
			runOnlyForDeploymentPostprocessing = 0;
		};
		9B6943B81FDC6B3C00DC8A6C /* Resources */ = {
			isa = PBXResourcesBuildPhase;
			buildActionMask = 2147483647;
			files = (
			);
			runOnlyForDeploymentPostprocessing = 0;
		};
		9B6943C31FDC6B3C00DC8A6C /* Resources */ = {
			isa = PBXResourcesBuildPhase;
			buildActionMask = 2147483647;
			files = (
			);
			runOnlyForDeploymentPostprocessing = 0;
		};
/* End PBXResourcesBuildPhase section */

/* Begin PBXSourcesBuildPhase section */
		9B69439F1FDC6B3C00DC8A6C /* Sources */ = {
			isa = PBXSourcesBuildPhase;
			buildActionMask = 2147483647;
			files = (
				9B6943AF1FDC6B3C00DC8A6C /* IOS_Cadox_e.xcdatamodeld in Sources */,
				9B032B491FE5FD490039D65C /* EditController.swift in Sources */,
				9BDF28011FE5ECC000BE4AF4 /* CreateController.swift in Sources */,
				9B032B431FE5FC7E0039D65C /* EventController.swift in Sources */,
				9B032B4B1FE5FD6F0039D65C /* InviteController.swift in Sources */,
				9B032B471FE5FD030039D65C /* MessageController.swift in Sources */,
				9B032B451FE5FCCA0039D65C /* WishlistController.swift in Sources */,
				9B6943A91FDC6B3C00DC8A6C /* MainController.swift in Sources */,
				9BDF28031FE5F5B800BE4AF4 /* JoinController.swift in Sources */,
				9B6943A71FDC6B3C00DC8A6C /* AppDelegate.swift in Sources */,
			);
			runOnlyForDeploymentPostprocessing = 0;
		};
		9B6943B61FDC6B3C00DC8A6C /* Sources */ = {
			isa = PBXSourcesBuildPhase;
			buildActionMask = 2147483647;
			files = (
				9B6943BF1FDC6B3C00DC8A6C /* IOS_Cadox_eTests.swift in Sources */,
			);
			runOnlyForDeploymentPostprocessing = 0;
		};
		9B6943C11FDC6B3C00DC8A6C /* Sources */ = {
			isa = PBXSourcesBuildPhase;
			buildActionMask = 2147483647;
			files = (
				9B6943CA1FDC6B3C00DC8A6C /* IOS_Cadox_eUITests.swift in Sources */,
			);
			runOnlyForDeploymentPostprocessing = 0;
		};
/* End PBXSourcesBuildPhase section */

/* Begin PBXTargetDependency section */
		9B6943BC1FDC6B3C00DC8A6C /* PBXTargetDependency */ = {
			isa = PBXTargetDependency;
			target = 9B6943A21FDC6B3C00DC8A6C /* IOS_Cadox-e */;
			targetProxy = 9B6943BB1FDC6B3C00DC8A6C /* PBXContainerItemProxy */;
		};
		9B6943C71FDC6B3C00DC8A6C /* PBXTargetDependency */ = {
			isa = PBXTargetDependency;
			target = 9B6943A21FDC6B3C00DC8A6C /* IOS_Cadox-e */;
			targetProxy = 9B6943C61FDC6B3C00DC8A6C /* PBXContainerItemProxy */;
		};
/* End PBXTargetDependency section */

/* Begin PBXVariantGroup section */
		9B6943AA1FDC6B3C00DC8A6C /* Main.storyboard */ = {
			isa = PBXVariantGroup;
			children = (
				9B6943AB1FDC6B3C00DC8A6C /* Base */,
			);
			name = Main.storyboard;
			sourceTree = "<group>";
		};
		9B6943B21FDC6B3C00DC8A6C /* LaunchScreen.storyboard */ = {
			isa = PBXVariantGroup;
			children = (
				9B6943B31FDC6B3C00DC8A6C /* Base */,
			);
			name = LaunchScreen.storyboard;
			sourceTree = "<group>";
		};
/* End PBXVariantGroup section */

/* Begin XCBuildConfiguration section */
		9B6943CC1FDC6B3C00DC8A6C /* Debug */ = {
			isa = XCBuildConfiguration;
			buildSettings = {
				ALWAYS_SEARCH_USER_PATHS = NO;
				CLANG_CXX_LANGUAGE_STANDARD = "gnu++0x";
				CLANG_CXX_LIBRARY = "libc++";
				CLANG_ENABLE_MODULES = YES;
				CLANG_ENABLE_OBJC_ARC = YES;
				CLANG_WARN_BOOL_CONVERSION = YES;
				CLANG_WARN_CONSTANT_CONVERSION = YES;
				CLANG_WARN_DIRECT_OBJC_ISA_USAGE = YES_ERROR;
				CLANG_WARN_EMPTY_BODY = YES;
				CLANG_WARN_ENUM_CONVERSION = YES;
				CLANG_WARN_INT_CONVERSION = YES;
				CLANG_WARN_OBJC_ROOT_CLASS = YES_ERROR;
				CLANG_WARN_UNREACHABLE_CODE = YES;
				CLANG_WARN__DUPLICATE_METHOD_MATCH = YES;
				"CODE_SIGN_IDENTITY[sdk=iphoneos*]" = "iPhone Developer";
				COPY_PHASE_STRIP = NO;
				DEBUG_INFORMATION_FORMAT = dwarf;
				ENABLE_STRICT_OBJC_MSGSEND = YES;
				ENABLE_TESTABILITY = YES;
				GCC_C_LANGUAGE_STANDARD = gnu99;
				GCC_DYNAMIC_NO_PIC = NO;
				GCC_NO_COMMON_BLOCKS = YES;
				GCC_OPTIMIZATION_LEVEL = 0;
				GCC_PREPROCESSOR_DEFINITIONS = (
					"DEBUG=1",
					"$(inherited)",
				);
				GCC_WARN_64_TO_32_BIT_CONVERSION = YES;
				GCC_WARN_ABOUT_RETURN_TYPE = YES_ERROR;
				GCC_WARN_UNDECLARED_SELECTOR = YES;
				GCC_WARN_UNINITIALIZED_AUTOS = YES_AGGRESSIVE;
				GCC_WARN_UNUSED_FUNCTION = YES;
				GCC_WARN_UNUSED_VARIABLE = YES;
				IPHONEOS_DEPLOYMENT_TARGET = 9.0;
				MTL_ENABLE_DEBUG_INFO = YES;
				ONLY_ACTIVE_ARCH = YES;
				SDKROOT = iphoneos;
				SWIFT_OPTIMIZATION_LEVEL = "-Onone";
				TARGETED_DEVICE_FAMILY = "1,2";
			};
			name = Debug;
		};
		9B6943CD1FDC6B3C00DC8A6C /* Release */ = {
			isa = XCBuildConfiguration;
			buildSettings = {
				ALWAYS_SEARCH_USER_PATHS = NO;
				CLANG_CXX_LANGUAGE_STANDARD = "gnu++0x";
				CLANG_CXX_LIBRARY = "libc++";
				CLANG_ENABLE_MODULES = YES;
				CLANG_ENABLE_OBJC_ARC = YES;
				CLANG_WARN_BOOL_CONVERSION = YES;
				CLANG_WARN_CONSTANT_CONVERSION = YES;
				CLANG_WARN_DIRECT_OBJC_ISA_USAGE = YES_ERROR;
				CLANG_WARN_EMPTY_BODY = YES;
				CLANG_WARN_ENUM_CONVERSION = YES;
				CLANG_WARN_INT_CONVERSION = YES;
				CLANG_WARN_OBJC_ROOT_CLASS = YES_ERROR;
				CLANG_WARN_UNREACHABLE_CODE = YES;
				CLANG_WARN__DUPLICATE_METHOD_MATCH = YES;
				"CODE_SIGN_IDENTITY[sdk=iphoneos*]" = "iPhone Developer";
				COPY_PHASE_STRIP = NO;
				DEBUG_INFORMATION_FORMAT = "dwarf-with-dsym";
				ENABLE_NS_ASSERTIONS = NO;
				ENABLE_STRICT_OBJC_MSGSEND = YES;
				GCC_C_LANGUAGE_STANDARD = gnu99;
				GCC_NO_COMMON_BLOCKS = YES;
				GCC_WARN_64_TO_32_BIT_CONVERSION = YES;
				GCC_WARN_ABOUT_RETURN_TYPE = YES_ERROR;
				GCC_WARN_UNDECLARED_SELECTOR = YES;
				GCC_WARN_UNINITIALIZED_AUTOS = YES_AGGRESSIVE;
				GCC_WARN_UNUSED_FUNCTION = YES;
				GCC_WARN_UNUSED_VARIABLE = YES;
				IPHONEOS_DEPLOYMENT_TARGET = 9.0;
				MTL_ENABLE_DEBUG_INFO = NO;
				SDKROOT = iphoneos;
				TARGETED_DEVICE_FAMILY = "1,2";
				VALIDATE_PRODUCT = YES;
			};
			name = Release;
		};
		9B6943CF1FDC6B3C00DC8A6C /* Debug */ = {
			isa = XCBuildConfiguration;
			buildSettings = {
				ASSETCATALOG_COMPILER_APPICON_NAME = AppIcon;
				INFOPLIST_FILE = "IOS_Cadox-e/Info.plist";
				LD_RUNPATH_SEARCH_PATHS = "$(inherited) @executable_path/Frameworks";
				PRODUCT_BUNDLE_IDENTIFIER = "colval.IOS-Cadox-e";
				PRODUCT_NAME = "$(TARGET_NAME)";
				SWIFT_VERSION = 3.0;
			};
			name = Debug;
		};
		9B6943D01FDC6B3C00DC8A6C /* Release */ = {
			isa = XCBuildConfiguration;
			buildSettings = {
				ASSETCATALOG_COMPILER_APPICON_NAME = AppIcon;
				INFOPLIST_FILE = "IOS_Cadox-e/Info.plist";
				LD_RUNPATH_SEARCH_PATHS = "$(inherited) @executable_path/Frameworks";
				PRODUCT_BUNDLE_IDENTIFIER = "colval.IOS-Cadox-e";
				PRODUCT_NAME = "$(TARGET_NAME)";
				SWIFT_VERSION = 3.0;
			};
			name = Release;
		};
		9B6943D21FDC6B3C00DC8A6C /* Debug */ = {
			isa = XCBuildConfiguration;
			buildSettings = {
				BUNDLE_LOADER = "$(TEST_HOST)";
				INFOPLIST_FILE = "IOS_Cadox-eTests/Info.plist";
				LD_RUNPATH_SEARCH_PATHS = "$(inherited) @executable_path/Frameworks @loader_path/Frameworks";
				PRODUCT_BUNDLE_IDENTIFIER = "colval.IOS-Cadox-eTests";
				PRODUCT_NAME = "$(TARGET_NAME)";
				SWIFT_VERSION = 3.0;
				TEST_HOST = "$(BUILT_PRODUCTS_DIR)/IOS_Cadox-e.app/IOS_Cadox-e";
			};
			name = Debug;
		};
		9B6943D31FDC6B3C00DC8A6C /* Release */ = {
			isa = XCBuildConfiguration;
			buildSettings = {
				BUNDLE_LOADER = "$(TEST_HOST)";
				INFOPLIST_FILE = "IOS_Cadox-eTests/Info.plist";
				LD_RUNPATH_SEARCH_PATHS = "$(inherited) @executable_path/Frameworks @loader_path/Frameworks";
				PRODUCT_BUNDLE_IDENTIFIER = "colval.IOS-Cadox-eTests";
				PRODUCT_NAME = "$(TARGET_NAME)";
				SWIFT_VERSION = 3.0;
				TEST_HOST = "$(BUILT_PRODUCTS_DIR)/IOS_Cadox-e.app/IOS_Cadox-e";
			};
			name = Release;
		};
		9B6943D51FDC6B3C00DC8A6C /* Debug */ = {
			isa = XCBuildConfiguration;
			buildSettings = {
				INFOPLIST_FILE = "IOS_Cadox-eUITests/Info.plist";
				LD_RUNPATH_SEARCH_PATHS = "$(inherited) @executable_path/Frameworks @loader_path/Frameworks";
				PRODUCT_BUNDLE_IDENTIFIER = "colval.IOS-Cadox-eUITests";
				PRODUCT_NAME = "$(TARGET_NAME)";
				SWIFT_VERSION = 3.0;
				TEST_TARGET_NAME = "IOS_Cadox-e";
				USES_XCTRUNNER = YES;
			};
			name = Debug;
		};
		9B6943D61FDC6B3C00DC8A6C /* Release */ = {
			isa = XCBuildConfiguration;
			buildSettings = {
				INFOPLIST_FILE = "IOS_Cadox-eUITests/Info.plist";
				LD_RUNPATH_SEARCH_PATHS = "$(inherited) @executable_path/Frameworks @loader_path/Frameworks";
				PRODUCT_BUNDLE_IDENTIFIER = "colval.IOS-Cadox-eUITests";
				PRODUCT_NAME = "$(TARGET_NAME)";
				SWIFT_VERSION = 3.0;
				TEST_TARGET_NAME = "IOS_Cadox-e";
				USES_XCTRUNNER = YES;
			};
			name = Release;
		};
/* End XCBuildConfiguration section */

/* Begin XCConfigurationList section */
		9B69439E1FDC6B3C00DC8A6C /* Build configuration list for PBXProject "IOS_Cadox-e" */ = {
			isa = XCConfigurationList;
			buildConfigurations = (
				9B6943CC1FDC6B3C00DC8A6C /* Debug */,
				9B6943CD1FDC6B3C00DC8A6C /* Release */,
			);
			defaultConfigurationIsVisible = 0;
			defaultConfigurationName = Release;
		};
		9B6943CE1FDC6B3C00DC8A6C /* Build configuration list for PBXNativeTarget "IOS_Cadox-e" */ = {
			isa = XCConfigurationList;
			buildConfigurations = (
				9B6943CF1FDC6B3C00DC8A6C /* Debug */,
				9B6943D01FDC6B3C00DC8A6C /* Release */,
			);
			defaultConfigurationIsVisible = 0;
			defaultConfigurationName = Release;
		};
		9B6943D11FDC6B3C00DC8A6C /* Build configuration list for PBXNativeTarget "IOS_Cadox-eTests" */ = {
			isa = XCConfigurationList;
			buildConfigurations = (
				9B6943D21FDC6B3C00DC8A6C /* Debug */,
				9B6943D31FDC6B3C00DC8A6C /* Release */,
			);
			defaultConfigurationIsVisible = 0;
			defaultConfigurationName = Release;
		};
		9B6943D41FDC6B3C00DC8A6C /* Build configuration list for PBXNativeTarget "IOS_Cadox-eUITests" */ = {
			isa = XCConfigurationList;
			buildConfigurations = (
				9B6943D51FDC6B3C00DC8A6C /* Debug */,
				9B6943D61FDC6B3C00DC8A6C /* Release */,
			);
			defaultConfigurationIsVisible = 0;
			defaultConfigurationName = Release;
		};
/* End XCConfigurationList section */

/* Begin XCVersionGroup section */
		9B6943AD1FDC6B3C00DC8A6C /* IOS_Cadox_e.xcdatamodeld */ = {
			isa = XCVersionGroup;
			children = (
				9B6943AE1FDC6B3C00DC8A6C /* IOS_Cadox_e.xcdatamodel */,
			);
			currentVersion = 9B6943AE1FDC6B3C00DC8A6C /* IOS_Cadox_e.xcdatamodel */;
			path = IOS_Cadox_e.xcdatamodeld;
			sourceTree = "<group>";
			versionGroupType = wrapper.xcdatamodel;
		};
/* End XCVersionGroup section */
	};
	rootObject = 9B69439B1FDC6B3C00DC8A6C /* Project object */;
}
